
Microsoft Visual Studio Solution File, Format Version 12.00
# Visual Studio Version 17
VisualStudioVersion = 17.10.34928.147
MinimumVisualStudioVersion = 10.0.40219.1
Project("{FAE04EC0-301F-11D3-BF4B-00C04F79EFBC}") = "Fukang_AOI_Machine", "Demo\Fukang_AOI_Machine.csproj", "{673131EE-4D24-433E-8C55-50C0561CA9D2}"
EndProject
Project("{FAE04EC0-301F-11D3-BF4B-00C04F79EFBC}") = "TCPLib", "TCPLib\TCPLib.csproj", "{542D709D-1AD6-42A4-AC77-9AFCAA3F796C}"
EndProject
Project("{FAE04EC0-301F-11D3-BF4B-00C04F79EFBC}") = "OVisionPro", "OVisionPro\OVisionPro.csproj", "{FA718659-207A-4E72-B388-79B496D26D8A}"
EndProject
Project("{FAE04EC0-301F-11D3-BF4B-00C04F79EFBC}") = "XCore", "XCore\XCore\XCore.csproj", "{FB48CD97-6691-4853-A7BF-69DDB35F3363}"
EndProject
Global
	GlobalSection(SolutionConfigurationPlatforms) = preSolution
		Debug|Any CPU = Debug|Any CPU
		Release|Any CPU = Release|Any CPU
	EndGlobalSection
	GlobalSection(ProjectConfigurationPlatforms) = postSolution
		{673131EE-4D24-433E-8C55-50C0561CA9D2}.Debug|Any CPU.ActiveCfg = Debug|Any CPU
		{673131EE-4D24-433E-8C55-50C0561CA9D2}.Debug|Any CPU.Build.0 = Debug|Any CPU
		{673131EE-4D24-433E-8C55-50C0561CA9D2}.Release|Any CPU.ActiveCfg = Release|Any CPU
		{673131EE-4D24-433E-8C55-50C0561CA9D2}.Release|Any CPU.Build.0 = Release|Any CPU
		{542D709D-1AD6-42A4-AC77-9AFCAA3F796C}.Debug|Any CPU.ActiveCfg = Debug|Any CPU
		{542D709D-1AD6-42A4-AC77-9AFCAA3F796C}.Debug|Any CPU.Build.0 = Debug|Any CPU
		{542D709D-1AD6-42A4-AC77-9AFCAA3F796C}.Release|Any CPU.ActiveCfg = Release|Any CPU
		{542D709D-1AD6-42A4-AC77-9AFCAA3F796C}.Release|Any CPU.Build.0 = Release|Any CPU
		{FA718659-207A-4E72-B388-79B496D26D8A}.Debug|Any CPU.ActiveCfg = Debug|Any CPU
		{FA718659-207A-4E72-B388-79B496D26D8A}.Debug|Any CPU.Build.0 = Debug|Any CPU
		{FA718659-207A-4E72-B388-79B496D26D8A}.Release|Any CPU.ActiveCfg = Release|Any CPU
		{FA718659-207A-4E72-B388-79B496D26D8A}.Release|Any CPU.Build.0 = Release|Any CPU
		{FB48CD97-6691-4853-A7BF-69DDB35F3363}.Debug|Any CPU.ActiveCfg = Debug|Any CPU
		{FB48CD97-6691-4853-A7BF-69DDB35F3363}.Debug|Any CPU.Build.0 = Debug|Any CPU
		{FB48CD97-6691-4853-A7BF-69DDB35F3363}.Release|Any CPU.ActiveCfg = Release|Any CPU
		{FB48CD97-6691-4853-A7BF-69DDB35F3363}.Release|Any CPU.Build.0 = Release|Any CPU
	EndGlobalSection
	GlobalSection(SolutionProperties) = preSolution
		HideSolutionNode = FALSE
	EndGlobalSection
	GlobalSection(ExtensibilityGlobals) = postSolution
		SolutionGuid = {96401889-C112-4FE4-9704-EDC4A72F10B5}
	EndGlobalSection
EndGlobal
